// !$*UTF8*$!
{
	archiveVersion = 1;
	classes = {
	};
	objectVersion = 56;
	objects = {

/* Begin PBXBuildFile section */
		1B20A97F76F1CDBF23B0E365 /* Pods_LCTO_13Tests.framework in Frameworks */ = {isa = PBXBuildFile; fileRef = 0CDC6313B744BFD61086A885 /* Pods_LCTO_13Tests.framework */; };
		42C9547E466D82F027E72FF8 /* Pods_LCTO_13_LCTO_13UITests.framework in Frameworks */ = {isa = PBXBuildFile; fileRef = 6B957671D9F40F344040712B /* Pods_LCTO_13_LCTO_13UITests.framework */; };
		D50C5AC7BE313C56DA17243F /* Pods_LCTO_13.framework in Frameworks */ = {isa = PBXBuildFile; fileRef = 72A2033902571D33C66F328A /* Pods_LCTO_13.framework */; };
		FF3356D92BBA4F2400CA375F /* LCTO_13App.swift in Sources */ = {isa = PBXBuildFile; fileRef = FF3356D82BBA4F2400CA375F /* LCTO_13App.swift */; };
		FF3356DB2BBA4F2400CA375F /* ContentView.swift in Sources */ = {isa = PBXBuildFile; fileRef = FF3356DA2BBA4F2400CA375F /* ContentView.swift */; };
		FF3356DD2BBA4F2500CA375F /* Assets.xcassets in Resources */ = {isa = PBXBuildFile; fileRef = FF3356DC2BBA4F2500CA375F /* Assets.xcassets */; };
		FF3356E02BBA4F2500CA375F /* Preview Assets.xcassets in Resources */ = {isa = PBXBuildFile; fileRef = FF3356DF2BBA4F2500CA375F /* Preview Assets.xcassets */; };
		FF3356EB2BBA4F2500CA375F /* LCTO_13Tests.swift in Sources */ = {isa = PBXBuildFile; fileRef = FF3356EA2BBA4F2500CA375F /* LCTO_13Tests.swift */; };
		FF3356F52BBA4F2500CA375F /* LCTO_13UITests.swift in Sources */ = {isa = PBXBuildFile; fileRef = FF3356F42BBA4F2500CA375F /* LCTO_13UITests.swift */; };
		FF3356F72BBA4F2500CA375F /* LCTO_13UITestsLaunchTests.swift in Sources */ = {isa = PBXBuildFile; fileRef = FF3356F62BBA4F2500CA375F /* LCTO_13UITestsLaunchTests.swift */; };
		FF3357042BBB81D900CA375F /* GoogleService-Info.plist in Resources */ = {isa = PBXBuildFile; fileRef = FF3357032BBB81D900CA375F /* GoogleService-Info.plist */; };
/* End PBXBuildFile section */

/* Begin PBXContainerItemProxy section */
		FF3356E72BBA4F2500CA375F /* PBXContainerItemProxy */ = {
			isa = PBXContainerItemProxy;
			containerPortal = FF3356CD2BBA4F2400CA375F /* Project object */;
			proxyType = 1;
			remoteGlobalIDString = FF3356D42BBA4F2400CA375F;
			remoteInfo = "LCTO-13";
		};
		FF3356F12BBA4F2500CA375F /* PBXContainerItemProxy */ = {
			isa = PBXContainerItemProxy;
			containerPortal = FF3356CD2BBA4F2400CA375F /* Project object */;
			proxyType = 1;
			remoteGlobalIDString = FF3356D42BBA4F2400CA375F;
			remoteInfo = "LCTO-13";
		};
/* End PBXContainerItemProxy section */

/* Begin PBXFileReference section */
		07EFD8140FE1BB00165BF30E /* Pods-LCTO-13.release.xcconfig */ = {isa = PBXFileReference; includeInIndex = 1; lastKnownFileType = text.xcconfig; name = "Pods-LCTO-13.release.xcconfig"; path = "Target Support Files/Pods-LCTO-13/Pods-LCTO-13.release.xcconfig"; sourceTree = "<group>"; };
		0CDC6313B744BFD61086A885 /* Pods_LCTO_13Tests.framework */ = {isa = PBXFileReference; explicitFileType = wrapper.framework; includeInIndex = 0; path = Pods_LCTO_13Tests.framework; sourceTree = BUILT_PRODUCTS_DIR; };
		274CF2DB8069B972AF5F95D7 /* Pods-LCTO-13Tests.debug.xcconfig */ = {isa = PBXFileReference; includeInIndex = 1; lastKnownFileType = text.xcconfig; name = "Pods-LCTO-13Tests.debug.xcconfig"; path = "Target Support Files/Pods-LCTO-13Tests/Pods-LCTO-13Tests.debug.xcconfig"; sourceTree = "<group>"; };
		45DF716187A37E90777A7484 /* Pods-LCTO-13.debug.xcconfig */ = {isa = PBXFileReference; includeInIndex = 1; lastKnownFileType = text.xcconfig; name = "Pods-LCTO-13.debug.xcconfig"; path = "Target Support Files/Pods-LCTO-13/Pods-LCTO-13.debug.xcconfig"; sourceTree = "<group>"; };
		6515CEDC746815F631130753 /* Pods-LCTO-13Tests.release.xcconfig */ = {isa = PBXFileReference; includeInIndex = 1; lastKnownFileType = text.xcconfig; name = "Pods-LCTO-13Tests.release.xcconfig"; path = "Target Support Files/Pods-LCTO-13Tests/Pods-LCTO-13Tests.release.xcconfig"; sourceTree = "<group>"; };
		69EFDC8C8EB3D82539AF0A9A /* Pods-LCTO-13-LCTO-13UITests.debug.xcconfig */ = {isa = PBXFileReference; includeInIndex = 1; lastKnownFileType = text.xcconfig; name = "Pods-LCTO-13-LCTO-13UITests.debug.xcconfig"; path = "Target Support Files/Pods-LCTO-13-LCTO-13UITests/Pods-LCTO-13-LCTO-13UITests.debug.xcconfig"; sourceTree = "<group>"; };
		6B957671D9F40F344040712B /* Pods_LCTO_13_LCTO_13UITests.framework */ = {isa = PBXFileReference; explicitFileType = wrapper.framework; includeInIndex = 0; path = Pods_LCTO_13_LCTO_13UITests.framework; sourceTree = BUILT_PRODUCTS_DIR; };
		6F127D7B55859C6F48A62992 /* Pods-LCTO-13-LCTO-13UITests.release.xcconfig */ = {isa = PBXFileReference; includeInIndex = 1; lastKnownFileType = text.xcconfig; name = "Pods-LCTO-13-LCTO-13UITests.release.xcconfig"; path = "Target Support Files/Pods-LCTO-13-LCTO-13UITests/Pods-LCTO-13-LCTO-13UITests.release.xcconfig"; sourceTree = "<group>"; };
		72A2033902571D33C66F328A /* Pods_LCTO_13.framework */ = {isa = PBXFileReference; explicitFileType = wrapper.framework; includeInIndex = 0; path = Pods_LCTO_13.framework; sourceTree = BUILT_PRODUCTS_DIR; };
		FF3356D52BBA4F2400CA375F /* LCTO-13.app */ = {isa = PBXFileReference; explicitFileType = wrapper.application; includeInIndex = 0; path = "LCTO-13.app"; sourceTree = BUILT_PRODUCTS_DIR; };
		FF3356D82BBA4F2400CA375F /* LCTO_13App.swift */ = {isa = PBXFileReference; lastKnownFileType = sourcecode.swift; path = LCTO_13App.swift; sourceTree = "<group>"; };
		FF3356DA2BBA4F2400CA375F /* ContentView.swift */ = {isa = PBXFileReference; lastKnownFileType = sourcecode.swift; path = ContentView.swift; sourceTree = "<group>"; };
		FF3356DC2BBA4F2500CA375F /* Assets.xcassets */ = {isa = PBXFileReference; lastKnownFileType = folder.assetcatalog; path = Assets.xcassets; sourceTree = "<group>"; };
		FF3356DF2BBA4F2500CA375F /* Preview Assets.xcassets */ = {isa = PBXFileReference; lastKnownFileType = folder.assetcatalog; path = "Preview Assets.xcassets"; sourceTree = "<group>"; };
		FF3356E12BBA4F2500CA375F /* LCTO_13.entitlements */ = {isa = PBXFileReference; lastKnownFileType = text.plist.entitlements; path = LCTO_13.entitlements; sourceTree = "<group>"; };
		FF3356E62BBA4F2500CA375F /* LCTO-13Tests.xctest */ = {isa = PBXFileReference; explicitFileType = wrapper.cfbundle; includeInIndex = 0; path = "LCTO-13Tests.xctest"; sourceTree = BUILT_PRODUCTS_DIR; };
		FF3356EA2BBA4F2500CA375F /* LCTO_13Tests.swift */ = {isa = PBXFileReference; lastKnownFileType = sourcecode.swift; path = LCTO_13Tests.swift; sourceTree = "<group>"; };
		FF3356F02BBA4F2500CA375F /* LCTO-13UITests.xctest */ = {isa = PBXFileReference; explicitFileType = wrapper.cfbundle; includeInIndex = 0; path = "LCTO-13UITests.xctest"; sourceTree = BUILT_PRODUCTS_DIR; };
		FF3356F42BBA4F2500CA375F /* LCTO_13UITests.swift */ = {isa = PBXFileReference; lastKnownFileType = sourcecode.swift; path = LCTO_13UITests.swift; sourceTree = "<group>"; };
		FF3356F62BBA4F2500CA375F /* LCTO_13UITestsLaunchTests.swift */ = {isa = PBXFileReference; lastKnownFileType = sourcecode.swift; path = LCTO_13UITestsLaunchTests.swift; sourceTree = "<group>"; };
		FF3357032BBB81D900CA375F /* GoogleService-Info.plist */ = {isa = PBXFileReference; fileEncoding = 4; lastKnownFileType = text.plist.xml; path = "GoogleService-Info.plist"; sourceTree = "<group>"; };
/* End PBXFileReference section */

/* Begin PBXFrameworksBuildPhase section */
		FF3356D22BBA4F2400CA375F /* Frameworks */ = {
			isa = PBXFrameworksBuildPhase;
			buildActionMask = 2147483647;
			files = (
				D50C5AC7BE313C56DA17243F /* Pods_LCTO_13.framework in Frameworks */,
			);
			runOnlyForDeploymentPostprocessing = 0;
		};
		FF3356E32BBA4F2500CA375F /* Frameworks */ = {
			isa = PBXFrameworksBuildPhase;
			buildActionMask = 2147483647;
			files = (
				1B20A97F76F1CDBF23B0E365 /* Pods_LCTO_13Tests.framework in Frameworks */,
			);
			runOnlyForDeploymentPostprocessing = 0;
		};
		FF3356ED2BBA4F2500CA375F /* Frameworks */ = {
			isa = PBXFrameworksBuildPhase;
			buildActionMask = 2147483647;
			files = (
				42C9547E466D82F027E72FF8 /* Pods_LCTO_13_LCTO_13UITests.framework in Frameworks */,
			);
			runOnlyForDeploymentPostprocessing = 0;
		};
/* End PBXFrameworksBuildPhase section */

/* Begin PBXGroup section */
		C1D1A810D3AF1DF29A3F1434 /* Frameworks */ = {
			isa = PBXGroup;
			children = (
				72A2033902571D33C66F328A /* Pods_LCTO_13.framework */,
				6B957671D9F40F344040712B /* Pods_LCTO_13_LCTO_13UITests.framework */,
				0CDC6313B744BFD61086A885 /* Pods_LCTO_13Tests.framework */,
			);
			name = Frameworks;
			sourceTree = "<group>";
		};
		DFF80033A5806E8B839FA4FF /* Pods */ = {
			isa = PBXGroup;
			children = (
				45DF716187A37E90777A7484 /* Pods-LCTO-13.debug.xcconfig */,
				07EFD8140FE1BB00165BF30E /* Pods-LCTO-13.release.xcconfig */,
				69EFDC8C8EB3D82539AF0A9A /* Pods-LCTO-13-LCTO-13UITests.debug.xcconfig */,
				6F127D7B55859C6F48A62992 /* Pods-LCTO-13-LCTO-13UITests.release.xcconfig */,
				274CF2DB8069B972AF5F95D7 /* Pods-LCTO-13Tests.debug.xcconfig */,
				6515CEDC746815F631130753 /* Pods-LCTO-13Tests.release.xcconfig */,
			);
			name = Pods;
			path = Pods;
			sourceTree = "<group>";
		};
		FF3356CC2BBA4F2400CA375F = {
			isa = PBXGroup;
			children = (
				FF3356D72BBA4F2400CA375F /* LCTO-13 */,
				FF3356E92BBA4F2500CA375F /* LCTO-13Tests */,
				FF3356F32BBA4F2500CA375F /* LCTO-13UITests */,
				FF3356D62BBA4F2400CA375F /* Products */,
				DFF80033A5806E8B839FA4FF /* Pods */,
				C1D1A810D3AF1DF29A3F1434 /* Frameworks */,
			);
			sourceTree = "<group>";
		};
		FF3356D62BBA4F2400CA375F /* Products */ = {
			isa = PBXGroup;
			children = (
				FF3356D52BBA4F2400CA375F /* LCTO-13.app */,
				FF3356E62BBA4F2500CA375F /* LCTO-13Tests.xctest */,
				FF3356F02BBA4F2500CA375F /* LCTO-13UITests.xctest */,
			);
			name = Products;
			sourceTree = "<group>";
		};
		FF3356D72BBA4F2400CA375F /* LCTO-13 */ = {
			isa = PBXGroup;
			children = (
				FF3357032BBB81D900CA375F /* GoogleService-Info.plist */,
				FF3356D82BBA4F2400CA375F /* LCTO_13App.swift */,
				FF3356DA2BBA4F2400CA375F /* ContentView.swift */,
				FF3356DC2BBA4F2500CA375F /* Assets.xcassets */,
				FF3356E12BBA4F2500CA375F /* LCTO_13.entitlements */,
				FF3356DE2BBA4F2500CA375F /* Preview Content */,
			);
			path = "LCTO-13";
			sourceTree = "<group>";
		};
		FF3356DE2BBA4F2500CA375F /* Preview Content */ = {
			isa = PBXGroup;
			children = (
				FF3356DF2BBA4F2500CA375F /* Preview Assets.xcassets */,
			);
			path = "Preview Content";
			sourceTree = "<group>";
		};
		FF3356E92BBA4F2500CA375F /* LCTO-13Tests */ = {
			isa = PBXGroup;
			children = (
				FF3356EA2BBA4F2500CA375F /* LCTO_13Tests.swift */,
			);
			path = "LCTO-13Tests";
			sourceTree = "<group>";
		};
		FF3356F32BBA4F2500CA375F /* LCTO-13UITests */ = {
			isa = PBXGroup;
			children = (
				FF3356F42BBA4F2500CA375F /* LCTO_13UITests.swift */,
				FF3356F62BBA4F2500CA375F /* LCTO_13UITestsLaunchTests.swift */,
			);
			path = "LCTO-13UITests";
			sourceTree = "<group>";
		};
/* End PBXGroup section */

/* Begin PBXNativeTarget section */
		FF3356D42BBA4F2400CA375F /* LCTO-13 */ = {
			isa = PBXNativeTarget;
			buildConfigurationList = FF3356FA2BBA4F2500CA375F /* Build configuration list for PBXNativeTarget "LCTO-13" */;
			buildPhases = (
				85E69C2E6AD8D5C787CF46D4 /* [CP] Check Pods Manifest.lock */,
				FF3356D12BBA4F2400CA375F /* Sources */,
				FF3356D22BBA4F2400CA375F /* Frameworks */,
				FF3356D32BBA4F2400CA375F /* Resources */,
				EE670426125AFE599E001773 /* [CP] Embed Pods Frameworks */,
			);
			buildRules = (
			);
			dependencies = (
			);
			name = "LCTO-13";
			productName = "LCTO-13";
			productReference = FF3356D52BBA4F2400CA375F /* LCTO-13.app */;
			productType = "com.apple.product-type.application";
		};
		FF3356E52BBA4F2500CA375F /* LCTO-13Tests */ = {
			isa = PBXNativeTarget;
			buildConfigurationList = FF3356FD2BBA4F2500CA375F /* Build configuration list for PBXNativeTarget "LCTO-13Tests" */;
			buildPhases = (
				C6BEE8BA0CE66A171EA8A297 /* [CP] Check Pods Manifest.lock */,
				FF3356E22BBA4F2500CA375F /* Sources */,
				FF3356E32BBA4F2500CA375F /* Frameworks */,
				FF3356E42BBA4F2500CA375F /* Resources */,
			);
			buildRules = (
			);
			dependencies = (
				FF3356E82BBA4F2500CA375F /* PBXTargetDependency */,
			);
			name = "LCTO-13Tests";
			productName = "LCTO-13Tests";
			productReference = FF3356E62BBA4F2500CA375F /* LCTO-13Tests.xctest */;
			productType = "com.apple.product-type.bundle.unit-test";
		};
		FF3356EF2BBA4F2500CA375F /* LCTO-13UITests */ = {
			isa = PBXNativeTarget;
			buildConfigurationList = FF3357002BBA4F2500CA375F /* Build configuration list for PBXNativeTarget "LCTO-13UITests" */;
			buildPhases = (
				403B54254DC16FF7358514B8 /* [CP] Check Pods Manifest.lock */,
				FF3356EC2BBA4F2500CA375F /* Sources */,
				FF3356ED2BBA4F2500CA375F /* Frameworks */,
				FF3356EE2BBA4F2500CA375F /* Resources */,
				47EE75CE5A9EDA534E6768E9 /* [CP] Embed Pods Frameworks */,
			);
			buildRules = (
			);
			dependencies = (
				FF3356F22BBA4F2500CA375F /* PBXTargetDependency */,
			);
			name = "LCTO-13UITests";
			productName = "LCTO-13UITests";
			productReference = FF3356F02BBA4F2500CA375F /* LCTO-13UITests.xctest */;
			productType = "com.apple.product-type.bundle.ui-testing";
		};
/* End PBXNativeTarget section */

/* Begin PBXProject section */
		FF3356CD2BBA4F2400CA375F /* Project object */ = {
			isa = PBXProject;
			attributes = {
				BuildIndependentTargetsInParallel = 1;
				LastSwiftUpdateCheck = 1420;
				LastUpgradeCheck = 1420;
				TargetAttributes = {
					FF3356D42BBA4F2400CA375F = {
						CreatedOnToolsVersion = 14.2;
					};
					FF3356E52BBA4F2500CA375F = {
						CreatedOnToolsVersion = 14.2;
						TestTargetID = FF3356D42BBA4F2400CA375F;
					};
					FF3356EF2BBA4F2500CA375F = {
						CreatedOnToolsVersion = 14.2;
						TestTargetID = FF3356D42BBA4F2400CA375F;
					};
				};
			};
			buildConfigurationList = FF3356D02BBA4F2400CA375F /* Build configuration list for PBXProject "LCTO-13" */;
			compatibilityVersion = "Xcode 14.0";
			developmentRegion = en;
			hasScannedForEncodings = 0;
			knownRegions = (
				en,
				Base,
			);
			mainGroup = FF3356CC2BBA4F2400CA375F;
			productRefGroup = FF3356D62BBA4F2400CA375F /* Products */;
			projectDirPath = "";
			projectRoot = "";
			targets = (
				FF3356D42BBA4F2400CA375F /* LCTO-13 */,
				FF3356E52BBA4F2500CA375F /* LCTO-13Tests */,
				FF3356EF2BBA4F2500CA375F /* LCTO-13UITests */,
			);
		};
/* End PBXProject section */

/* Begin PBXResourcesBuildPhase section */
		FF3356D32BBA4F2400CA375F /* Resources */ = {
			isa = PBXResourcesBuildPhase;
			buildActionMask = 2147483647;
			files = (
				FF3356E02BBA4F2500CA375F /* Preview Assets.xcassets in Resources */,
				FF3356DD2BBA4F2500CA375F /* Assets.xcassets in Resources */,
				FF3357042BBB81D900CA375F /* GoogleService-Info.plist in Resources */,
			);
			runOnlyForDeploymentPostprocessing = 0;
		};
		FF3356E42BBA4F2500CA375F /* Resources */ = {
			isa = PBXResourcesBuildPhase;
			buildActionMask = 2147483647;
			files = (
			);
			runOnlyForDeploymentPostprocessing = 0;
		};
		FF3356EE2BBA4F2500CA375F /* Resources */ = {
			isa = PBXResourcesBuildPhase;
			buildActionMask = 2147483647;
			files = (
			);
			runOnlyForDeploymentPostprocessing = 0;
		};
/* End PBXResourcesBuildPhase section */

/* Begin PBXShellScriptBuildPhase section */
		403B54254DC16FF7358514B8 /* [CP] Check Pods Manifest.lock */ = {
			isa = PBXShellScriptBuildPhase;
			buildActionMask = 2147483647;
			files = (
			);
			inputFileListPaths = (
			);
			inputPaths = (
				"${PODS_PODFILE_DIR_PATH}/Podfile.lock",
				"${PODS_ROOT}/Manifest.lock",
			);
			name = "[CP] Check Pods Manifest.lock";
			outputFileListPaths = (
			);
			outputPaths = (
				"$(DERIVED_FILE_DIR)/Pods-LCTO-13-LCTO-13UITests-checkManifestLockResult.txt",
			);
			runOnlyForDeploymentPostprocessing = 0;
			shellPath = /bin/sh;
			shellScript = "diff \"${PODS_PODFILE_DIR_PATH}/Podfile.lock\" \"${PODS_ROOT}/Manifest.lock\" > /dev/null\nif [ $? != 0 ] ; then\n    # print error to STDERR\n    echo \"error: The sandbox is not in sync with the Podfile.lock. Run 'pod install' or update your CocoaPods installation.\" >&2\n    exit 1\nfi\n# This output is used by Xcode 'outputs' to avoid re-running this script phase.\necho \"SUCCESS\" > \"${SCRIPT_OUTPUT_FILE_0}\"\n";
			showEnvVarsInLog = 0;
		};
		47EE75CE5A9EDA534E6768E9 /* [CP] Embed Pods Frameworks */ = {
			isa = PBXShellScriptBuildPhase;
			buildActionMask = 2147483647;
			files = (
			);
			inputFileListPaths = (
				"${PODS_ROOT}/Target Support Files/Pods-LCTO-13-LCTO-13UITests/Pods-LCTO-13-LCTO-13UITests-frameworks-${CONFIGURATION}-input-files.xcfilelist",
			);
			name = "[CP] Embed Pods Frameworks";
			outputFileListPaths = (
				"${PODS_ROOT}/Target Support Files/Pods-LCTO-13-LCTO-13UITests/Pods-LCTO-13-LCTO-13UITests-frameworks-${CONFIGURATION}-output-files.xcfilelist",
			);
			runOnlyForDeploymentPostprocessing = 0;
			shellPath = /bin/sh;
			shellScript = "\"${PODS_ROOT}/Target Support Files/Pods-LCTO-13-LCTO-13UITests/Pods-LCTO-13-LCTO-13UITests-frameworks.sh\"\n";
			showEnvVarsInLog = 0;
		};
		85E69C2E6AD8D5C787CF46D4 /* [CP] Check Pods Manifest.lock */ = {
			isa = PBXShellScriptBuildPhase;
			buildActionMask = 2147483647;
			files = (
			);
			inputFileListPaths = (
			);
			inputPaths = (
				"${PODS_PODFILE_DIR_PATH}/Podfile.lock",
				"${PODS_ROOT}/Manifest.lock",
			);
			name = "[CP] Check Pods Manifest.lock";
			outputFileListPaths = (
			);
			outputPaths = (
				"$(DERIVED_FILE_DIR)/Pods-LCTO-13-checkManifestLockResult.txt",
			);
			runOnlyForDeploymentPostprocessing = 0;
			shellPath = /bin/sh;
			shellScript = "diff \"${PODS_PODFILE_DIR_PATH}/Podfile.lock\" \"${PODS_ROOT}/Manifest.lock\" > /dev/null\nif [ $? != 0 ] ; then\n    # print error to STDERR\n    echo \"error: The sandbox is not in sync with the Podfile.lock. Run 'pod install' or update your CocoaPods installation.\" >&2\n    exit 1\nfi\n# This output is used by Xcode 'outputs' to avoid re-running this script phase.\necho \"SUCCESS\" > \"${SCRIPT_OUTPUT_FILE_0}\"\n";
			showEnvVarsInLog = 0;
		};
		C6BEE8BA0CE66A171EA8A297 /* [CP] Check Pods Manifest.lock */ = {
			isa = PBXShellScriptBuildPhase;
			buildActionMask = 2147483647;
			files = (
			);
			inputFileListPaths = (
			);
			inputPaths = (
				"${PODS_PODFILE_DIR_PATH}/Podfile.lock",
				"${PODS_ROOT}/Manifest.lock",
			);
			name = "[CP] Check Pods Manifest.lock";
			outputFileListPaths = (
			);
			outputPaths = (
				"$(DERIVED_FILE_DIR)/Pods-LCTO-13Tests-checkManifestLockResult.txt",
			);
			runOnlyForDeploymentPostprocessing = 0;
			shellPath = /bin/sh;
			shellScript = "diff \"${PODS_PODFILE_DIR_PATH}/Podfile.lock\" \"${PODS_ROOT}/Manifest.lock\" > /dev/null\nif [ $? != 0 ] ; then\n    # print error to STDERR\n    echo \"error: The sandbox is not in sync with the Podfile.lock. Run 'pod install' or update your CocoaPods installation.\" >&2\n    exit 1\nfi\n# This output is used by Xcode 'outputs' to avoid re-running this script phase.\necho \"SUCCESS\" > \"${SCRIPT_OUTPUT_FILE_0}\"\n";
			showEnvVarsInLog = 0;
		};
		EE670426125AFE599E001773 /* [CP] Embed Pods Frameworks */ = {
			isa = PBXShellScriptBuildPhase;
			buildActionMask = 2147483647;
			files = (
			);
			inputFileListPaths = (
				"${PODS_ROOT}/Target Support Files/Pods-LCTO-13/Pods-LCTO-13-frameworks-${CONFIGURATION}-input-files.xcfilelist",
			);
			name = "[CP] Embed Pods Frameworks";
			outputFileListPaths = (
				"${PODS_ROOT}/Target Support Files/Pods-LCTO-13/Pods-LCTO-13-frameworks-${CONFIGURATION}-output-files.xcfilelist",
			);
			runOnlyForDeploymentPostprocessing = 0;
			shellPath = /bin/sh;
			shellScript = "\"${PODS_ROOT}/Target Support Files/Pods-LCTO-13/Pods-LCTO-13-frameworks.sh\"\n";
			showEnvVarsInLog = 0;
		};
/* End PBXShellScriptBuildPhase section */

/* Begin PBXSourcesBuildPhase section */
		FF3356D12BBA4F2400CA375F /* Sources */ = {
			isa = PBXSourcesBuildPhase;
			buildActionMask = 2147483647;
			files = (
				FF3356DB2BBA4F2400CA375F /* ContentView.swift in Sources */,
				FF3356D92BBA4F2400CA375F /* LCTO_13App.swift in Sources */,
			);
			runOnlyForDeploymentPostprocessing = 0;
		};
		FF3356E22BBA4F2500CA375F /* Sources */ = {
			isa = PBXSourcesBuildPhase;
			buildActionMask = 2147483647;
			files = (
				FF3356EB2BBA4F2500CA375F /* LCTO_13Tests.swift in Sources */,
			);
			runOnlyForDeploymentPostprocessing = 0;
		};
		FF3356EC2BBA4F2500CA375F /* Sources */ = {
			isa = PBXSourcesBuildPhase;
			buildActionMask = 2147483647;
			files = (
				FF3356F72BBA4F2500CA375F /* LCTO_13UITestsLaunchTests.swift in Sources */,
				FF3356F52BBA4F2500CA375F /* LCTO_13UITests.swift in Sources */,
			);
			runOnlyForDeploymentPostprocessing = 0;
		};
/* End PBXSourcesBuildPhase section */

/* Begin PBXTargetDependency section */
		FF3356E82BBA4F2500CA375F /* PBXTargetDependency */ = {
			isa = PBXTargetDependency;
			target = FF3356D42BBA4F2400CA375F /* LCTO-13 */;
			targetProxy = FF3356E72BBA4F2500CA375F /* PBXContainerItemProxy */;
		};
		FF3356F22BBA4F2500CA375F /* PBXTargetDependency */ = {
			isa = PBXTargetDependency;
			target = FF3356D42BBA4F2400CA375F /* LCTO-13 */;
			targetProxy = FF3356F12BBA4F2500CA375F /* PBXContainerItemProxy */;
		};
/* End PBXTargetDependency section */

/* Begin XCBuildConfiguration section */
		FF3356F82BBA4F2500CA375F /* Debug */ = {
			isa = XCBuildConfiguration;
			buildSettings = {
				ALWAYS_SEARCH_USER_PATHS = NO;
				CLANG_ANALYZER_NONNULL = YES;
				CLANG_ANALYZER_NUMBER_OBJECT_CONVERSION = YES_AGGRESSIVE;
				CLANG_CXX_LANGUAGE_STANDARD = "gnu++20";
				CLANG_ENABLE_MODULES = YES;
				CLANG_ENABLE_OBJC_ARC = YES;
				CLANG_ENABLE_OBJC_WEAK = YES;
				CLANG_WARN_BLOCK_CAPTURE_AUTORELEASING = YES;
				CLANG_WARN_BOOL_CONVERSION = YES;
				CLANG_WARN_COMMA = YES;
				CLANG_WARN_CONSTANT_CONVERSION = YES;
				CLANG_WARN_DEPRECATED_OBJC_IMPLEMENTATIONS = YES;
				CLANG_WARN_DIRECT_OBJC_ISA_USAGE = YES_ERROR;
				CLANG_WARN_DOCUMENTATION_COMMENTS = YES;
				CLANG_WARN_EMPTY_BODY = YES;
				CLANG_WARN_ENUM_CONVERSION = YES;
				CLANG_WARN_INFINITE_RECURSION = YES;
				CLANG_WARN_INT_CONVERSION = YES;
				CLANG_WARN_NON_LITERAL_NULL_CONVERSION = YES;
				CLANG_WARN_OBJC_IMPLICIT_RETAIN_SELF = YES;
				CLANG_WARN_OBJC_LITERAL_CONVERSION = YES;
				CLANG_WARN_OBJC_ROOT_CLASS = YES_ERROR;
				CLANG_WARN_QUOTED_INCLUDE_IN_FRAMEWORK_HEADER = YES;
				CLANG_WARN_RANGE_LOOP_ANALYSIS = YES;
				CLANG_WARN_STRICT_PROTOTYPES = YES;
				CLANG_WARN_SUSPICIOUS_MOVE = YES;
				CLANG_WARN_UNGUARDED_AVAILABILITY = YES_AGGRESSIVE;
				CLANG_WARN_UNREACHABLE_CODE = YES;
				CLANG_WARN__DUPLICATE_METHOD_MATCH = YES;
				COPY_PHASE_STRIP = NO;
				DEBUG_INFORMATION_FORMAT = dwarf;
				ENABLE_STRICT_OBJC_MSGSEND = YES;
				ENABLE_TESTABILITY = YES;
				GCC_C_LANGUAGE_STANDARD = gnu11;
				GCC_DYNAMIC_NO_PIC = NO;
				GCC_NO_COMMON_BLOCKS = YES;
				GCC_OPTIMIZATION_LEVEL = 0;
				GCC_PREPROCESSOR_DEFINITIONS = (
					"DEBUG=1",
					"$(inherited)",
				);
				GCC_WARN_64_TO_32_BIT_CONVERSION = YES;
				GCC_WARN_ABOUT_RETURN_TYPE = YES_ERROR;
				GCC_WARN_UNDECLARED_SELECTOR = YES;
				GCC_WARN_UNINITIALIZED_AUTOS = YES_AGGRESSIVE;
				GCC_WARN_UNUSED_FUNCTION = YES;
				GCC_WARN_UNUSED_VARIABLE = YES;
				MACOSX_DEPLOYMENT_TARGET = 12.6;
				MTL_ENABLE_DEBUG_INFO = INCLUDE_SOURCE;
				MTL_FAST_MATH = YES;
				ONLY_ACTIVE_ARCH = YES;
				SDKROOT = macosx;
				SWIFT_ACTIVE_COMPILATION_CONDITIONS = DEBUG;
				SWIFT_OPTIMIZATION_LEVEL = "-Onone";
			};
			name = Debug;
		};
		FF3356F92BBA4F2500CA375F /* Release */ = {
			isa = XCBuildConfiguration;
			buildSettings = {
				ALWAYS_SEARCH_USER_PATHS = NO;
				CLANG_ANALYZER_NONNULL = YES;
				CLANG_ANALYZER_NUMBER_OBJECT_CONVERSION = YES_AGGRESSIVE;
				CLANG_CXX_LANGUAGE_STANDARD = "gnu++20";
				CLANG_ENABLE_MODULES = YES;
				CLANG_ENABLE_OBJC_ARC = YES;
				CLANG_ENABLE_OBJC_WEAK = YES;
				CLANG_WARN_BLOCK_CAPTURE_AUTORELEASING = YES;
				CLANG_WARN_BOOL_CONVERSION = YES;
				CLANG_WARN_COMMA = YES;
				CLANG_WARN_CONSTANT_CONVERSION = YES;
				CLANG_WARN_DEPRECATED_OBJC_IMPLEMENTATIONS = YES;
				CLANG_WARN_DIRECT_OBJC_ISA_USAGE = YES_ERROR;
				CLANG_WARN_DOCUMENTATION_COMMENTS = YES;
				CLANG_WARN_EMPTY_BODY = YES;
				CLANG_WARN_ENUM_CONVERSION = YES;
				CLANG_WARN_INFINITE_RECURSION = YES;
				CLANG_WARN_INT_CONVERSION = YES;
				CLANG_WARN_NON_LITERAL_NULL_CONVERSION = YES;
				CLANG_WARN_OBJC_IMPLICIT_RETAIN_SELF = YES;
				CLANG_WARN_OBJC_LITERAL_CONVERSION = YES;
				CLANG_WARN_OBJC_ROOT_CLASS = YES_ERROR;
				CLANG_WARN_QUOTED_INCLUDE_IN_FRAMEWORK_HEADER = YES;
				CLANG_WARN_RANGE_LOOP_ANALYSIS = YES;
				CLANG_WARN_STRICT_PROTOTYPES = YES;
				CLANG_WARN_SUSPICIOUS_MOVE = YES;
				CLANG_WARN_UNGUARDED_AVAILABILITY = YES_AGGRESSIVE;
				CLANG_WARN_UNREACHABLE_CODE = YES;
				CLANG_WARN__DUPLICATE_METHOD_MATCH = YES;
				COPY_PHASE_STRIP = NO;
				DEBUG_INFORMATION_FORMAT = "dwarf-with-dsym";
				ENABLE_NS_ASSERTIONS = NO;
				ENABLE_STRICT_OBJC_MSGSEND = YES;
				GCC_C_LANGUAGE_STANDARD = gnu11;
				GCC_NO_COMMON_BLOCKS = YES;
				GCC_WARN_64_TO_32_BIT_CONVERSION = YES;
				GCC_WARN_ABOUT_RETURN_TYPE = YES_ERROR;
				GCC_WARN_UNDECLARED_SELECTOR = YES;
				GCC_WARN_UNINITIALIZED_AUTOS = YES_AGGRESSIVE;
				GCC_WARN_UNUSED_FUNCTION = YES;
				GCC_WARN_UNUSED_VARIABLE = YES;
				MACOSX_DEPLOYMENT_TARGET = 12.6;
				MTL_ENABLE_DEBUG_INFO = NO;
				MTL_FAST_MATH = YES;
				SDKROOT = macosx;
				SWIFT_COMPILATION_MODE = wholemodule;
				SWIFT_OPTIMIZATION_LEVEL = "-O";
			};
			name = Release;
		};
		FF3356FB2BBA4F2500CA375F /* Debug */ = {
			isa = XCBuildConfiguration;
			baseConfigurationReference = 45DF716187A37E90777A7484 /* Pods-LCTO-13.debug.xcconfig */;
			buildSettings = {
				ASSETCATALOG_COMPILER_APPICON_NAME = AppIcon;
				ASSETCATALOG_COMPILER_GLOBAL_ACCENT_COLOR_NAME = AccentColor;
				CODE_SIGN_ENTITLEMENTS = "LCTO-13/LCTO_13.entitlements";
				CODE_SIGN_STYLE = Automatic;
				COMBINE_HIDPI_IMAGES = YES;
				CURRENT_PROJECT_VERSION = 1;
				DEVELOPMENT_ASSET_PATHS = "\"LCTO-13/Preview Content\"";
				ENABLE_PREVIEWS = YES;
				GENERATE_INFOPLIST_FILE = YES;
				INFOPLIST_KEY_NSHumanReadableCopyright = "";
				LD_RUNPATH_SEARCH_PATHS = (
					"$(inherited)",
					"@executable_path/../Frameworks",
				);
				MARKETING_VERSION = 1.0;
				PRODUCT_BUNDLE_IDENTIFIER = "OrgIdent1.LCTO-13";
				PRODUCT_NAME = "$(TARGET_NAME)";
				SWIFT_EMIT_LOC_STRINGS = YES;
				SWIFT_VERSION = 5.0;
			};
			name = Debug;
		};
		FF3356FC2BBA4F2500CA375F /* Release */ = {
			isa = XCBuildConfiguration;
			baseConfigurationReference = 07EFD8140FE1BB00165BF30E /* Pods-LCTO-13.release.xcconfig */;
			buildSettings = {
				ASSETCATALOG_COMPILER_APPICON_NAME = AppIcon;
				ASSETCATALOG_COMPILER_GLOBAL_ACCENT_COLOR_NAME = AccentColor;
				CODE_SIGN_ENTITLEMENTS = "LCTO-13/LCTO_13.entitlements";
				CODE_SIGN_STYLE = Automatic;
				COMBINE_HIDPI_IMAGES = YES;
				CURRENT_PROJECT_VERSION = 1;
				DEVELOPMENT_ASSET_PATHS = "\"LCTO-13/Preview Content\"";
				ENABLE_PREVIEWS = YES;
				GENERATE_INFOPLIST_FILE = YES;
				INFOPLIST_KEY_NSHumanReadableCopyright = "";
				LD_RUNPATH_SEARCH_PATHS = (
					"$(inherited)",
					"@executable_path/../Frameworks",
				);
				MARKETING_VERSION = 1.0;
				PRODUCT_BUNDLE_IDENTIFIER = "OrgIdent1.LCTO-13";
				PRODUCT_NAME = "$(TARGET_NAME)";
				SWIFT_EMIT_LOC_STRINGS = YES;
				SWIFT_VERSION = 5.0;
			};
			name = Release;
		};
		FF3356FE2BBA4F2500CA375F /* Debug */ = {
			isa = XCBuildConfiguration;
			baseConfigurationReference = 274CF2DB8069B972AF5F95D7 /* Pods-LCTO-13Tests.debug.xcconfig */;
			buildSettings = {
				ALWAYS_EMBED_SWIFT_STANDARD_LIBRARIES = YES;
				BUNDLE_LOADER = "$(TEST_HOST)";
				CODE_SIGN_STYLE = Automatic;
				CURRENT_PROJECT_VERSION = 1;
				GENERATE_INFOPLIST_FILE = YES;
				MACOSX_DEPLOYMENT_TARGET = 12.6;
				MARKETING_VERSION = 1.0;
				PRODUCT_BUNDLE_IDENTIFIER = "OrgIdent1.LCTO-13Tests";
				PRODUCT_NAME = "$(TARGET_NAME)";
				SWIFT_EMIT_LOC_STRINGS = NO;
				SWIFT_VERSION = 5.0;
				TEST_HOST = "$(BUILT_PRODUCTS_DIR)/LCTO-13.app/$(BUNDLE_EXECUTABLE_FOLDER_PATH)/LCTO-13";
			};
			name = Debug;
		};
		FF3356FF2BBA4F2500CA375F /* Release */ = {
			isa = XCBuildConfiguration;
			baseConfigurationReference = 6515CEDC746815F631130753 /* Pods-LCTO-13Tests.release.xcconfig */;
			buildSettings = {
				ALWAYS_EMBED_SWIFT_STANDARD_LIBRARIES = YES;
				BUNDLE_LOADER = "$(TEST_HOST)";
				CODE_SIGN_STYLE = Automatic;
				CURRENT_PROJECT_VERSION = 1;
				GENERATE_INFOPLIST_FILE = YES;
				MACOSX_DEPLOYMENT_TARGET = 12.6;
				MARKETING_VERSION = 1.0;
				PRODUCT_BUNDLE_IDENTIFIER = "OrgIdent1.LCTO-13Tests";
				PRODUCT_NAME = "$(TARGET_NAME)";
				SWIFT_EMIT_LOC_STRINGS = NO;
				SWIFT_VERSION = 5.0;
				TEST_HOST = "$(BUILT_PRODUCTS_DIR)/LCTO-13.app/$(BUNDLE_EXECUTABLE_FOLDER_PATH)/LCTO-13";
			};
			name = Release;
		};
		FF3357012BBA4F2500CA375F /* Debug */ = {
			isa = XCBuildConfiguration;
			baseConfigurationReference = 69EFDC8C8EB3D82539AF0A9A /* Pods-LCTO-13-LCTO-13UITests.debug.xcconfig */;
			buildSettings = {
				ALWAYS_EMBED_SWIFT_STANDARD_LIBRARIES = YES;
				CODE_SIGN_STYLE = Automatic;
				CURRENT_PROJECT_VERSION = 1;
				GENERATE_INFOPLIST_FILE = YES;
				MARKETING_VERSION = 1.0;
				PRODUCT_BUNDLE_IDENTIFIER = "OrgIdent1.LCTO-13UITests";
				PRODUCT_NAME = "$(TARGET_NAME)";
				SWIFT_EMIT_LOC_STRINGS = NO;
				SWIFT_VERSION = 5.0;
				TEST_TARGET_NAME = "LCTO-13";
			};
			name = Debug;
		};
		FF3357022BBA4F2500CA375F /* Release */ = {
			isa = XCBuildConfiguration;
			baseConfigurationReference = 6F127D7B55859C6F48A62992 /* Pods-LCTO-13-LCTO-13UITests.release.xcconfig */;
			buildSettings = {
				ALWAYS_EMBED_SWIFT_STANDARD_LIBRARIES = YES;
				CODE_SIGN_STYLE = Automatic;
				CURRENT_PROJECT_VERSION = 1;
				GENERATE_INFOPLIST_FILE = YES;
				MARKETING_VERSION = 1.0;
				PRODUCT_BUNDLE_IDENTIFIER = "OrgIdent1.LCTO-13UITests";
				PRODUCT_NAME = "$(TARGET_NAME)";
				SWIFT_EMIT_LOC_STRINGS = NO;
				SWIFT_VERSION = 5.0;
				TEST_TARGET_NAME = "LCTO-13";
			};
			name = Release;
		};
/* End XCBuildConfiguration section */

/* Begin XCConfigurationList section */
		FF3356D02BBA4F2400CA375F /* Build configuration list for PBXProject "LCTO-13" */ = {
			isa = XCConfigurationList;
			buildConfigurations = (
				FF3356F82BBA4F2500CA375F /* Debug */,
				FF3356F92BBA4F2500CA375F /* Release */,
			);
			defaultConfigurationIsVisible = 0;
			defaultConfigurationName = Release;
		};
		FF3356FA2BBA4F2500CA375F /* Build configuration list for PBXNativeTarget "LCTO-13" */ = {
			isa = XCConfigurationList;
			buildConfigurations = (
				FF3356FB2BBA4F2500CA375F /* Debug */,
				FF3356FC2BBA4F2500CA375F /* Release */,
			);
			defaultConfigurationIsVisible = 0;
			defaultConfigurationName = Release;
		};
		FF3356FD2BBA4F2500CA375F /* Build configuration list for PBXNativeTarget "LCTO-13Tests" */ = {
			isa = XCConfigurationList;
			buildConfigurations = (
				FF3356FE2BBA4F2500CA375F /* Debug */,
				FF3356FF2BBA4F2500CA375F /* Release */,
			);
			defaultConfigurationIsVisible = 0;
			defaultConfigurationName = Release;
		};
		FF3357002BBA4F2500CA375F /* Build configuration list for PBXNativeTarget "LCTO-13UITests" */ = {
			isa = XCConfigurationList;
			buildConfigurations = (
				FF3357012BBA4F2500CA375F /* Debug */,
				FF3357022BBA4F2500CA375F /* Release */,
			);
			defaultConfigurationIsVisible = 0;
			defaultConfigurationName = Release;
		};
/* End XCConfigurationList section */
	};
	rootObject = FF3356CD2BBA4F2400CA375F /* Project object */;
}
